
Microsoft Visual Studio Solution File, Format Version 12.00
# Visual Studio Version 17
VisualStudioVersion = 17.13.35931.197 d17.13
MinimumVisualStudioVersion = 10.0.40219.1
Project("{FAE04EC0-301F-11D3-BF4B-00C04F79EFBC}") = "PC_ShopHouse", "PC_ShopHouse\PC_ShopHouse.csproj", "{F7038438-9A27-416B-8E27-271B4C31416C}"
EndProject
Global
	GlobalSection(SolutionConfigurationPlatforms) = preSolution
		Debug|Any CPU = Debug|Any CPU
		Release|Any CPU = Release|Any CPU
	EndGlobalSection
	GlobalSection(ProjectConfigurationPlatforms) = postSolution
		{F7038438-9A27-416B-8E27-271B4C31416C}.Debug|Any CPU.ActiveCfg = Debug|Any CPU
		{F7038438-9A27-416B-8E27-271B4C31416C}.Debug|Any CPU.Build.0 = Debug|Any CPU
		{F7038438-9A27-416B-8E27-271B4C31416C}.Release|Any CPU.ActiveCfg = Release|Any CPU
		{F7038438-9A27-416B-8E27-271B4C31416C}.Release|Any CPU.Build.0 = Release|Any CPU
	EndGlobalSection
	GlobalSection(SolutionProperties) = preSolution
		HideSolutionNode = FALSE
	EndGlobalSection
	GlobalSection(ExtensibilityGlobals) = postSolution
		SolutionGuid = {3FE6326D-0E20-4ABE-9AD0-308500396368}
	EndGlobalSection
EndGlobal
